
Microsoft Visual Studio Solution File, Format Version 12.00
# Visual Studio Version 16
VisualStudioVersion = 16.0.32106.194
MinimumVisualStudioVersion = 10.0.40219.1
Project("{FAE04EC0-301F-11D3-BF4B-00C04F79EFBC}") = "Chess", "Chess.csproj", "{0C2EBA45-92EB-49A7-87C3-A11579AFB985}"
EndProject
Project("{FAE04EC0-301F-11D3-BF4B-00C04F79EFBC}") = "Model", "..\Model\Model\Model.csproj", "{498A27C5-0B85-4EC8-8C6E-DD0CACFCEA4D}"
EndProject
Global
	GlobalSection(SolutionConfigurationPlatforms) = preSolution
		Debug|Any CPU = Debug|Any CPU
		Release|Any CPU = Release|Any CPU
	EndGlobalSection
	GlobalSection(ProjectConfigurationPlatforms) = postSolution
		{0C2EBA45-92EB-49A7-87C3-A11579AFB985}.Debug|Any CPU.ActiveCfg = Debug|Any CPU
		{0C2EBA45-92EB-49A7-87C3-A11579AFB985}.Debug|Any CPU.Build.0 = Debug|Any CPU
		{0C2EBA45-92EB-49A7-87C3-A11579AFB985}.Release|Any CPU.ActiveCfg = Release|Any CPU
		{0C2EBA45-92EB-49A7-87C3-A11579AFB985}.Release|Any CPU.Build.0 = Release|Any CPU
		{498A27C5-0B85-4EC8-8C6E-DD0CACFCEA4D}.Debug|Any CPU.ActiveCfg = Debug|Any CPU
		{498A27C5-0B85-4EC8-8C6E-DD0CACFCEA4D}.Debug|Any CPU.Build.0 = Debug|Any CPU
		{498A27C5-0B85-4EC8-8C6E-DD0CACFCEA4D}.Release|Any CPU.ActiveCfg = Release|Any CPU
		{498A27C5-0B85-4EC8-8C6E-DD0CACFCEA4D}.Release|Any CPU.Build.0 = Release|Any CPU
	EndGlobalSection
	GlobalSection(SolutionProperties) = preSolution
		HideSolutionNode = FALSE
	EndGlobalSection
	GlobalSection(ExtensibilityGlobals) = postSolution
		SolutionGuid = {DB1C01DC-7258-461B-AB88-F92CA707F147}
	EndGlobalSection
EndGlobal
